
Microsoft Visual Studio Solution File, Format Version 12.00
# Visual Studio Version 17
VisualStudioVersion = 17.9.34616.47
MinimumVisualStudioVersion = 10.0.40219.1
Project("{FAE04EC0-301F-11D3-BF4B-00C04F79EFBC}") = "Knie_Schwarz_DMS_project", "Knie_Schwarz_DMS_project\Knie_Schwarz_DMS_project.csproj", "{DC9E7FC5-0E7A-4337-B2BE-4F9BFE9786EE}"
EndProject
Global
	GlobalSection(SolutionConfigurationPlatforms) = preSolution
		Debug|Any CPU = Debug|Any CPU
		Release|Any CPU = Release|Any CPU
	EndGlobalSection
	GlobalSection(ProjectConfigurationPlatforms) = postSolution
		{DC9E7FC5-0E7A-4337-B2BE-4F9BFE9786EE}.Debug|Any CPU.ActiveCfg = Debug|Any CPU
		{DC9E7FC5-0E7A-4337-B2BE-4F9BFE9786EE}.Debug|Any CPU.Build.0 = Debug|Any CPU
		{DC9E7FC5-0E7A-4337-B2BE-4F9BFE9786EE}.Release|Any CPU.ActiveCfg = Release|Any CPU
		{DC9E7FC5-0E7A-4337-B2BE-4F9BFE9786EE}.Release|Any CPU.Build.0 = Release|Any CPU
	EndGlobalSection
	GlobalSection(SolutionProperties) = preSolution
		HideSolutionNode = FALSE
	EndGlobalSection
	GlobalSection(ExtensibilityGlobals) = postSolution
		SolutionGuid = {451BF4FE-DF0D-4C26-9BAB-DB5BBD21D91E}
	EndGlobalSection
EndGlobal
