
Microsoft Visual Studio Solution File, Format Version 12.00
# Visual Studio Version 17
VisualStudioVersion = 17.9.34616.47
MinimumVisualStudioVersion = 10.0.40219.1
Project("{FAE04EC0-301F-11D3-BF4B-00C04F79EFBC}") = "Knie_Schwarz_project_WS2024_DMS", "Knie_Schwarz_project_WS2024_DMS\Knie_Schwarz_project_WS2024_DMS.csproj", "{1B3A8FE6-6357-4CA1-8AE9-93DC9B1FBA5E}"
EndProject
Global
	GlobalSection(SolutionConfigurationPlatforms) = preSolution
		Debug|Any CPU = Debug|Any CPU
		Release|Any CPU = Release|Any CPU
	EndGlobalSection
	GlobalSection(ProjectConfigurationPlatforms) = postSolution
		{1B3A8FE6-6357-4CA1-8AE9-93DC9B1FBA5E}.Debug|Any CPU.ActiveCfg = Debug|Any CPU
		{1B3A8FE6-6357-4CA1-8AE9-93DC9B1FBA5E}.Debug|Any CPU.Build.0 = Debug|Any CPU
		{1B3A8FE6-6357-4CA1-8AE9-93DC9B1FBA5E}.Release|Any CPU.ActiveCfg = Release|Any CPU
		{1B3A8FE6-6357-4CA1-8AE9-93DC9B1FBA5E}.Release|Any CPU.Build.0 = Release|Any CPU
	EndGlobalSection
	GlobalSection(SolutionProperties) = preSolution
		HideSolutionNode = FALSE
	EndGlobalSection
	GlobalSection(ExtensibilityGlobals) = postSolution
		SolutionGuid = {8934C2A0-F384-4197-BC78-D3711D878EB9}
	EndGlobalSection
EndGlobal
