
Microsoft Visual Studio Solution File, Format Version 12.00
# Visual Studio Version 17
VisualStudioVersion = 17.9.34616.47
MinimumVisualStudioVersion = 10.0.40219.1
Project("{9A19103F-16F7-4668-BE54-9A1E7A4F7556}") = "Knie_Schwarz_DMS_project", "Knie_Schwarz_DMS_project\Knie_Schwarz_DMS_project\Knie_Schwarz_DMS_project.csproj", "{60CE3A70-5653-4A31-9946-174D95C19EF2}"
EndProject
Project("{E53339B2-1760-4266-BCC7-CA923CBCF16C}") = "docker-compose", "docker-compose.dcproj", "{98B7BEB3-2E3B-4978-BB6A-D19967C730DA}"
EndProject
Global
	GlobalSection(SolutionConfigurationPlatforms) = preSolution
		Debug|Any CPU = Debug|Any CPU
		Release|Any CPU = Release|Any CPU
	EndGlobalSection
	GlobalSection(ProjectConfigurationPlatforms) = postSolution
		{60CE3A70-5653-4A31-9946-174D95C19EF2}.Debug|Any CPU.ActiveCfg = Debug|Any CPU
		{60CE3A70-5653-4A31-9946-174D95C19EF2}.Debug|Any CPU.Build.0 = Debug|Any CPU
		{60CE3A70-5653-4A31-9946-174D95C19EF2}.Release|Any CPU.ActiveCfg = Release|Any CPU
		{60CE3A70-5653-4A31-9946-174D95C19EF2}.Release|Any CPU.Build.0 = Release|Any CPU
		{98B7BEB3-2E3B-4978-BB6A-D19967C730DA}.Debug|Any CPU.ActiveCfg = Debug|Any CPU
		{98B7BEB3-2E3B-4978-BB6A-D19967C730DA}.Debug|Any CPU.Build.0 = Debug|Any CPU
		{98B7BEB3-2E3B-4978-BB6A-D19967C730DA}.Release|Any CPU.ActiveCfg = Release|Any CPU
		{98B7BEB3-2E3B-4978-BB6A-D19967C730DA}.Release|Any CPU.Build.0 = Release|Any CPU
	EndGlobalSection
	GlobalSection(SolutionProperties) = preSolution
		HideSolutionNode = FALSE
	EndGlobalSection
	GlobalSection(ExtensibilityGlobals) = postSolution
		SolutionGuid = {451BF4FE-DF0D-4C26-9BAB-DB5BBD21D91E}
	EndGlobalSection
EndGlobal
