
Microsoft Visual Studio Solution File, Format Version 12.00
# Visual Studio Version 17
VisualStudioVersion = 17.11.35222.181
MinimumVisualStudioVersion = 10.0.40219.1
Project("{9A19103F-16F7-4668-BE54-9A1E7A4F7556}") = "ASP_Rest_API", "ASP_Rest_API\ASP_Rest_API.csproj", "{4A22153B-29B2-4674-84D8-C2F2F558D4CB}"
EndProject
Project("{9A19103F-16F7-4668-BE54-9A1E7A4F7556}") = "WebUI", "WebUI\WebUI.csproj", "{7A214B19-B956-42C4-AD1C-D8CB5D8394DB}"
EndProject
Project("{9A19103F-16F7-4668-BE54-9A1E7A4F7556}") = "MyDocDAL", "MyDocDAL\MyDocDAL.csproj", "{C5302868-5601-4F2C-B6B5-9F1083849FD5}"
EndProject
Project("{2150E333-8FDC-42A3-9474-1A3956D46DE8}") = "Projektmappenelemente", "Projektmappenelemente", "{06410FB0-994C-4C9A-A7C5-4FD578A181AF}"
	ProjectSection(SolutionItems) = preProject
		docker-compose.yml = docker-compose.yml
		launchSettings.json = launchSettings.json
	EndProjectSection
EndProject
Global
	GlobalSection(SolutionConfigurationPlatforms) = preSolution
		Debug|Any CPU = Debug|Any CPU
		Debug|x64 = Debug|x64
		Debug|x86 = Debug|x86
		Release|Any CPU = Release|Any CPU
		Release|x64 = Release|x64
		Release|x86 = Release|x86
	EndGlobalSection
	GlobalSection(ProjectConfigurationPlatforms) = postSolution
		{4A22153B-29B2-4674-84D8-C2F2F558D4CB}.Debug|Any CPU.ActiveCfg = Debug|Any CPU
		{4A22153B-29B2-4674-84D8-C2F2F558D4CB}.Debug|Any CPU.Build.0 = Debug|Any CPU
		{4A22153B-29B2-4674-84D8-C2F2F558D4CB}.Debug|x64.ActiveCfg = Debug|Any CPU
		{4A22153B-29B2-4674-84D8-C2F2F558D4CB}.Debug|x64.Build.0 = Debug|Any CPU
		{4A22153B-29B2-4674-84D8-C2F2F558D4CB}.Debug|x86.ActiveCfg = Debug|Any CPU
		{4A22153B-29B2-4674-84D8-C2F2F558D4CB}.Debug|x86.Build.0 = Debug|Any CPU
		{4A22153B-29B2-4674-84D8-C2F2F558D4CB}.Release|Any CPU.ActiveCfg = Release|Any CPU
		{4A22153B-29B2-4674-84D8-C2F2F558D4CB}.Release|Any CPU.Build.0 = Release|Any CPU
		{4A22153B-29B2-4674-84D8-C2F2F558D4CB}.Release|x64.ActiveCfg = Release|Any CPU
		{4A22153B-29B2-4674-84D8-C2F2F558D4CB}.Release|x64.Build.0 = Release|Any CPU
		{4A22153B-29B2-4674-84D8-C2F2F558D4CB}.Release|x86.ActiveCfg = Release|Any CPU
		{4A22153B-29B2-4674-84D8-C2F2F558D4CB}.Release|x86.Build.0 = Release|Any CPU
		{7A214B19-B956-42C4-AD1C-D8CB5D8394DB}.Debug|Any CPU.ActiveCfg = Debug|Any CPU
		{7A214B19-B956-42C4-AD1C-D8CB5D8394DB}.Debug|Any CPU.Build.0 = Debug|Any CPU
		{7A214B19-B956-42C4-AD1C-D8CB5D8394DB}.Debug|x64.ActiveCfg = Debug|Any CPU
		{7A214B19-B956-42C4-AD1C-D8CB5D8394DB}.Debug|x64.Build.0 = Debug|Any CPU
		{7A214B19-B956-42C4-AD1C-D8CB5D8394DB}.Debug|x86.ActiveCfg = Debug|Any CPU
		{7A214B19-B956-42C4-AD1C-D8CB5D8394DB}.Debug|x86.Build.0 = Debug|Any CPU
		{7A214B19-B956-42C4-AD1C-D8CB5D8394DB}.Release|Any CPU.ActiveCfg = Release|Any CPU
		{7A214B19-B956-42C4-AD1C-D8CB5D8394DB}.Release|Any CPU.Build.0 = Release|Any CPU
		{7A214B19-B956-42C4-AD1C-D8CB5D8394DB}.Release|x64.ActiveCfg = Release|Any CPU
		{7A214B19-B956-42C4-AD1C-D8CB5D8394DB}.Release|x64.Build.0 = Release|Any CPU
		{7A214B19-B956-42C4-AD1C-D8CB5D8394DB}.Release|x86.ActiveCfg = Release|Any CPU
		{7A214B19-B956-42C4-AD1C-D8CB5D8394DB}.Release|x86.Build.0 = Release|Any CPU
		{C5302868-5601-4F2C-B6B5-9F1083849FD5}.Debug|Any CPU.ActiveCfg = Debug|Any CPU
		{C5302868-5601-4F2C-B6B5-9F1083849FD5}.Debug|Any CPU.Build.0 = Debug|Any CPU
		{C5302868-5601-4F2C-B6B5-9F1083849FD5}.Debug|x64.ActiveCfg = Debug|Any CPU
		{C5302868-5601-4F2C-B6B5-9F1083849FD5}.Debug|x64.Build.0 = Debug|Any CPU
		{C5302868-5601-4F2C-B6B5-9F1083849FD5}.Debug|x86.ActiveCfg = Debug|Any CPU
		{C5302868-5601-4F2C-B6B5-9F1083849FD5}.Debug|x86.Build.0 = Debug|Any CPU
		{C5302868-5601-4F2C-B6B5-9F1083849FD5}.Release|Any CPU.ActiveCfg = Release|Any CPU
		{C5302868-5601-4F2C-B6B5-9F1083849FD5}.Release|Any CPU.Build.0 = Release|Any CPU
		{C5302868-5601-4F2C-B6B5-9F1083849FD5}.Release|x64.ActiveCfg = Release|Any CPU
		{C5302868-5601-4F2C-B6B5-9F1083849FD5}.Release|x64.Build.0 = Release|Any CPU
		{C5302868-5601-4F2C-B6B5-9F1083849FD5}.Release|x86.ActiveCfg = Release|Any CPU
		{C5302868-5601-4F2C-B6B5-9F1083849FD5}.Release|x86.Build.0 = Release|Any CPU
	EndGlobalSection
	GlobalSection(SolutionProperties) = preSolution
		HideSolutionNode = FALSE
	EndGlobalSection
	GlobalSection(ExtensibilityGlobals) = postSolution
		SolutionGuid = {6201A1CE-4DDB-43F6-9148-EBC282C3AA12}
	EndGlobalSection
EndGlobal
